
Microsoft Visual Studio Solution File, Format Version 12.00
# Visual Studio Version 17
VisualStudioVersion = 17.5.33530.505
MinimumVisualStudioVersion = 10.0.40219.1
Project("{FAE04EC0-301F-11D3-BF4B-00C04F79EFBC}") = "Domain", "Domain\Domain.csproj", "{8135F90F-4870-4243-BD59-5BE399C230D4}"
EndProject
Project("{FAE04EC0-301F-11D3-BF4B-00C04F79EFBC}") = "Application", "Application\Application.csproj", "{51A01C3B-AD81-4279-BEEC-2636D45AFC72}"
EndProject
Project("{FAE04EC0-301F-11D3-BF4B-00C04F79EFBC}") = "Infrastructure", "Infrastructure\Infrastructure.csproj", "{BF972AB6-7B15-48A0-B860-B589D43F2A0B}"
EndProject
Project("{FAE04EC0-301F-11D3-BF4B-00C04F79EFBC}") = "Presentation", "Presentation\Presentation.csproj", "{D349EDEE-AF86-4763-9243-42687653227B}"
EndProject
Project("{FAE04EC0-301F-11D3-BF4B-00C04F79EFBC}") = "WebAPI", "WebAPI\WebAPI.csproj", "{D581C73B-77A3-4188-843B-AEBEFC6102FF}"
EndProject
Global
	GlobalSection(SolutionConfigurationPlatforms) = preSolution
		Debug|Any CPU = Debug|Any CPU
		Release|Any CPU = Release|Any CPU
	EndGlobalSection
	GlobalSection(ProjectConfigurationPlatforms) = postSolution
		{8135F90F-4870-4243-BD59-5BE399C230D4}.Debug|Any CPU.ActiveCfg = Debug|Any CPU
		{8135F90F-4870-4243-BD59-5BE399C230D4}.Debug|Any CPU.Build.0 = Debug|Any CPU
		{8135F90F-4870-4243-BD59-5BE399C230D4}.Release|Any CPU.ActiveCfg = Release|Any CPU
		{8135F90F-4870-4243-BD59-5BE399C230D4}.Release|Any CPU.Build.0 = Release|Any CPU
		{51A01C3B-AD81-4279-BEEC-2636D45AFC72}.Debug|Any CPU.ActiveCfg = Debug|Any CPU
		{51A01C3B-AD81-4279-BEEC-2636D45AFC72}.Debug|Any CPU.Build.0 = Debug|Any CPU
		{51A01C3B-AD81-4279-BEEC-2636D45AFC72}.Release|Any CPU.ActiveCfg = Release|Any CPU
		{51A01C3B-AD81-4279-BEEC-2636D45AFC72}.Release|Any CPU.Build.0 = Release|Any CPU
		{BF972AB6-7B15-48A0-B860-B589D43F2A0B}.Debug|Any CPU.ActiveCfg = Debug|Any CPU
		{BF972AB6-7B15-48A0-B860-B589D43F2A0B}.Debug|Any CPU.Build.0 = Debug|Any CPU
		{BF972AB6-7B15-48A0-B860-B589D43F2A0B}.Release|Any CPU.ActiveCfg = Release|Any CPU
		{BF972AB6-7B15-48A0-B860-B589D43F2A0B}.Release|Any CPU.Build.0 = Release|Any CPU
		{D349EDEE-AF86-4763-9243-42687653227B}.Debug|Any CPU.ActiveCfg = Debug|Any CPU
		{D349EDEE-AF86-4763-9243-42687653227B}.Debug|Any CPU.Build.0 = Debug|Any CPU
		{D349EDEE-AF86-4763-9243-42687653227B}.Release|Any CPU.ActiveCfg = Release|Any CPU
		{D349EDEE-AF86-4763-9243-42687653227B}.Release|Any CPU.Build.0 = Release|Any CPU
		{D581C73B-77A3-4188-843B-AEBEFC6102FF}.Debug|Any CPU.ActiveCfg = Debug|Any CPU
		{D581C73B-77A3-4188-843B-AEBEFC6102FF}.Debug|Any CPU.Build.0 = Debug|Any CPU
		{D581C73B-77A3-4188-843B-AEBEFC6102FF}.Release|Any CPU.ActiveCfg = Release|Any CPU
		{D581C73B-77A3-4188-843B-AEBEFC6102FF}.Release|Any CPU.Build.0 = Release|Any CPU
	EndGlobalSection
	GlobalSection(SolutionProperties) = preSolution
		HideSolutionNode = FALSE
	EndGlobalSection
	GlobalSection(ExtensibilityGlobals) = postSolution
		SolutionGuid = {C0D3DF90-A5E5-48AB-973E-8214D9969A2C}
	EndGlobalSection
EndGlobal
